{
  "name": "hoja-ruta-ia-app-monorepo",
  "version": "0.1.0",
  "lockfileVersion": 3,
  "requires": true,
  "packages": {
    "": {
      "name": "hoja-ruta-ia-app-monorepo",
      "version": "0.1.0",
      "workspaces": [
        "apps/*",
        "packages/*",
        "infra"
      ]
    },
    "apps/api": {
      "name": "@ai-roadmap/api",
      "version": "0.1.0",
      "dependencies": {
        "hono": "^3.3.5",
        "zod": "^3.21.4"
      }
    },
    "node_modules/@ai-roadmap/api": {
      "resolved": "apps/api",
      "link": true
    },
    "node_modules/hono": {
      "version": "3.12.12",
      "resolved": "https://registry.npmjs.org/hono/-/hono-3.12.12.tgz",
      "integrity": "sha512-5IAMJOXfpA5nT+K0MNjClchzz0IhBHs2Szl7WFAhrFOsbtQsYmNynFyJRg/a3IPsmCfxcrf8txUGiNShXpK5Rg==",
      "license": "MIT",
      "engines": {
        "node": ">=16.0.0"
      }
    },
    "node_modules/zod": {
      "version": "3.25.76",
      "resolved": "https://registry.npmjs.org/zod/-/zod-3.25.76.tgz",
      "integrity": "sha512-gzUt/qt81nXsFGKIFcC3YnfEAx5NkunCfnDlvuBSSFS02bcXu4Lmea0AFIUwbLWxWPx3d9p8S5QoaujKcNQxcQ==",
      "license": "MIT",
      "funding": {
        "url": "https://github.com/sponsors/colinhacks"
      }
    }
  }
}
